// !$*UTF8*$!
{
	archiveVersion = 1;
	classes = {
	};
	objectVersion = 46;
	objects = {

/* Begin PBXBuildFile section */
		1BFD28AD1B6F9D44004B8FFA /* main.m in Sources */ = {isa = PBXBuildFile; fileRef = 1BFD28AC1B6F9D44004B8FFA /* main.m */; };
		1BFD28B01B6F9D44004B8FFA /* AppDelegate.m in Sources */ = {isa = PBXBuildFile; fileRef = 1BFD28AF1B6F9D44004B8FFA /* AppDelegate.m */; };
		1BFD28B31B6F9D44004B8FFA /* MyContacts.xcdatamodeld in Sources */ = {isa = PBXBuildFile; fileRef = 1BFD28B11B6F9D44004B8FFA /* MyContacts.xcdatamodeld */; };
		1BFD28B61B6F9D44004B8FFA /* ViewController.m in Sources */ = {isa = PBXBuildFile; fileRef = 1BFD28B51B6F9D44004B8FFA /* ViewController.m */; };
		1BFD28B91B6F9D44004B8FFA /* Main.storyboard in Resources */ = {isa = PBXBuildFile; fileRef = 1BFD28B71B6F9D44004B8FFA /* Main.storyboard */; };
		1BFD28BB1B6F9D44004B8FFA /* Images.xcassets in Resources */ = {isa = PBXBuildFile; fileRef = 1BFD28BA1B6F9D44004B8FFA /* Images.xcassets */; };
		1BFD28BE1B6F9D44004B8FFA /* LaunchScreen.xib in Resources */ = {isa = PBXBuildFile; fileRef = 1BFD28BC1B6F9D44004B8FFA /* LaunchScreen.xib */; };
		1BFD28CA1B6F9D45004B8FFA /* MyContactsTests.m in Sources */ = {isa = PBXBuildFile; fileRef = 1BFD28C91B6F9D45004B8FFA /* MyContactsTests.m */; };
/* End PBXBuildFile section */

/* Begin PBXContainerItemProxy section */
		1BFD28C41B6F9D44004B8FFA /* PBXContainerItemProxy */ = {
			isa = PBXContainerItemProxy;
			containerPortal = 1BFD289F1B6F9D44004B8FFA /* Project object */;
			proxyType = 1;
			remoteGlobalIDString = 1BFD28A61B6F9D44004B8FFA;
			remoteInfo = MyContacts;
		};
/* End PBXContainerItemProxy section */

/* Begin PBXFileReference section */
		1BFD28A71B6F9D44004B8FFA /* MyContacts.app */ = {isa = PBXFileReference; explicitFileType = wrapper.application; includeInIndex = 0; path = MyContacts.app; sourceTree = BUILT_PRODUCTS_DIR; };
		1BFD28AB1B6F9D44004B8FFA /* Info.plist */ = {isa = PBXFileReference; lastKnownFileType = text.plist.xml; path = Info.plist; sourceTree = "<group>"; };
		1BFD28AC1B6F9D44004B8FFA /* main.m */ = {isa = PBXFileReference; lastKnownFileType = sourcecode.c.objc; path = main.m; sourceTree = "<group>"; };
		1BFD28AE1B6F9D44004B8FFA /* AppDelegate.h */ = {isa = PBXFileReference; lastKnownFileType = sourcecode.c.h; path = AppDelegate.h; sourceTree = "<group>"; };
		1BFD28AF1B6F9D44004B8FFA /* AppDelegate.m */ = {isa = PBXFileReference; lastKnownFileType = sourcecode.c.objc; path = AppDelegate.m; sourceTree = "<group>"; };
		1BFD28B21B6F9D44004B8FFA /* MyContacts.xcdatamodel */ = {isa = PBXFileReference; lastKnownFileType = wrapper.xcdatamodel; path = MyContacts.xcdatamodel; sourceTree = "<group>"; };
		1BFD28B41B6F9D44004B8FFA /* ViewController.h */ = {isa = PBXFileReference; lastKnownFileType = sourcecode.c.h; path = ViewController.h; sourceTree = "<group>"; };
		1BFD28B51B6F9D44004B8FFA /* ViewController.m */ = {isa = PBXFileReference; lastKnownFileType = sourcecode.c.objc; path = ViewController.m; sourceTree = "<group>"; };
		1BFD28B81B6F9D44004B8FFA /* Base */ = {isa = PBXFileReference; lastKnownFileType = file.storyboard; name = Base; path = Base.lproj/Main.storyboard; sourceTree = "<group>"; };
		1BFD28BA1B6F9D44004B8FFA /* Images.xcassets */ = {isa = PBXFileReference; lastKnownFileType = folder.assetcatalog; path = Images.xcassets; sourceTree = "<group>"; };
		1BFD28BD1B6F9D44004B8FFA /* Base */ = {isa = PBXFileReference; lastKnownFileType = file.xib; name = Base; path = Base.lproj/LaunchScreen.xib; sourceTree = "<group>"; };
		1BFD28C31B6F9D44004B8FFA /* MyContactsTests.xctest */ = {isa = PBXFileReference; explicitFileType = wrapper.cfbundle; includeInIndex = 0; path = MyContactsTests.xctest; sourceTree = BUILT_PRODUCTS_DIR; };
		1BFD28C81B6F9D45004B8FFA /* Info.plist */ = {isa = PBXFileReference; lastKnownFileType = text.plist.xml; path = Info.plist; sourceTree = "<group>"; };
		1BFD28C91B6F9D45004B8FFA /* MyContactsTests.m */ = {isa = PBXFileReference; lastKnownFileType = sourcecode.c.objc; path = MyContactsTests.m; sourceTree = "<group>"; };
/* End PBXFileReference section */

/* Begin PBXFrameworksBuildPhase section */
		1BFD28A41B6F9D44004B8FFA /* Frameworks */ = {
			isa = PBXFrameworksBuildPhase;
			buildActionMask = 2147483647;
			files = (
			);
			runOnlyForDeploymentPostprocessing = 0;
		};
		1BFD28C01B6F9D44004B8FFA /* Frameworks */ = {
			isa = PBXFrameworksBuildPhase;
			buildActionMask = 2147483647;
			files = (
			);
			runOnlyForDeploymentPostprocessing = 0;
		};
/* End PBXFrameworksBuildPhase section */

/* Begin PBXGroup section */
		1BFD289E1B6F9D44004B8FFA = {
			isa = PBXGroup;
			children = (
				1BFD28A91B6F9D44004B8FFA /* MyContacts */,
				1BFD28C61B6F9D44004B8FFA /* MyContactsTests */,
				1BFD28A81B6F9D44004B8FFA /* Products */,
			);
			sourceTree = "<group>";
		};
		1BFD28A81B6F9D44004B8FFA /* Products */ = {
			isa = PBXGroup;
			children = (
				1BFD28A71B6F9D44004B8FFA /* MyContacts.app */,
				1BFD28C31B6F9D44004B8FFA /* MyContactsTests.xctest */,
			);
			name = Products;
			sourceTree = "<group>";
		};
		1BFD28A91B6F9D44004B8FFA /* MyContacts */ = {
			isa = PBXGroup;
			children = (
				1BFD28AE1B6F9D44004B8FFA /* AppDelegate.h */,
				1BFD28AF1B6F9D44004B8FFA /* AppDelegate.m */,
				1BFD28B41B6F9D44004B8FFA /* ViewController.h */,
				1BFD28B51B6F9D44004B8FFA /* ViewController.m */,
				1BFD28B71B6F9D44004B8FFA /* Main.storyboard */,
				1BFD28BA1B6F9D44004B8FFA /* Images.xcassets */,
				1BFD28BC1B6F9D44004B8FFA /* LaunchScreen.xib */,
				1BFD28B11B6F9D44004B8FFA /* MyContacts.xcdatamodeld */,
				1BFD28AA1B6F9D44004B8FFA /* Supporting Files */,
			);
			path = MyContacts;
			sourceTree = "<group>";
		};
		1BFD28AA1B6F9D44004B8FFA /* Supporting Files */ = {
			isa = PBXGroup;
			children = (
				1BFD28AB1B6F9D44004B8FFA /* Info.plist */,
				1BFD28AC1B6F9D44004B8FFA /* main.m */,
			);
			name = "Supporting Files";
			sourceTree = "<group>";
		};
		1BFD28C61B6F9D44004B8FFA /* MyContactsTests */ = {
			isa = PBXGroup;
			children = (
				1BFD28C91B6F9D45004B8FFA /* MyContactsTests.m */,
				1BFD28C71B6F9D45004B8FFA /* Supporting Files */,
			);
			path = MyContactsTests;
			sourceTree = "<group>";
		};
		1BFD28C71B6F9D45004B8FFA /* Supporting Files */ = {
			isa = PBXGroup;
			children = (
				1BFD28C81B6F9D45004B8FFA /* Info.plist */,
			);
			name = "Supporting Files";
			sourceTree = "<group>";
		};
/* End PBXGroup section */

/* Begin PBXNativeTarget section */
		1BFD28A61B6F9D44004B8FFA /* MyContacts */ = {
			isa = PBXNativeTarget;
			buildConfigurationList = 1BFD28CD1B6F9D45004B8FFA /* Build configuration list for PBXNativeTarget "MyContacts" */;
			buildPhases = (
				1BFD28A31B6F9D44004B8FFA /* Sources */,
				1BFD28A41B6F9D44004B8FFA /* Frameworks */,
				1BFD28A51B6F9D44004B8FFA /* Resources */,
			);
			buildRules = (
			);
			dependencies = (
			);
			name = MyContacts;
			productName = MyContacts;
			productReference = 1BFD28A71B6F9D44004B8FFA /* MyContacts.app */;
			productType = "com.apple.product-type.application";
		};
		1BFD28C21B6F9D44004B8FFA /* MyContactsTests */ = {
			isa = PBXNativeTarget;
			buildConfigurationList = 1BFD28D01B6F9D45004B8FFA /* Build configuration list for PBXNativeTarget "MyContactsTests" */;
			buildPhases = (
				1BFD28BF1B6F9D44004B8FFA /* Sources */,
				1BFD28C01B6F9D44004B8FFA /* Frameworks */,
				1BFD28C11B6F9D44004B8FFA /* Resources */,
			);
			buildRules = (
			);
			dependencies = (
				1BFD28C51B6F9D44004B8FFA /* PBXTargetDependency */,
			);
			name = MyContactsTests;
			productName = MyContactsTests;
			productReference = 1BFD28C31B6F9D44004B8FFA /* MyContactsTests.xctest */;
			productType = "com.apple.product-type.bundle.unit-test";
		};
/* End PBXNativeTarget section */

/* Begin PBXProject section */
		1BFD289F1B6F9D44004B8FFA /* Project object */ = {
			isa = PBXProject;
			attributes = {
				LastUpgradeCheck = 0610;
				ORGANIZATIONNAME = Trefa;
				TargetAttributes = {
					1BFD28A61B6F9D44004B8FFA = {
						CreatedOnToolsVersion = 6.1.1;
					};
					1BFD28C21B6F9D44004B8FFA = {
						CreatedOnToolsVersion = 6.1.1;
						TestTargetID = 1BFD28A61B6F9D44004B8FFA;
					};
				};
			};
			buildConfigurationList = 1BFD28A21B6F9D44004B8FFA /* Build configuration list for PBXProject "MyContacts" */;
			compatibilityVersion = "Xcode 3.2";
			developmentRegion = English;
			hasScannedForEncodings = 0;
			knownRegions = (
				en,
				Base,
			);
			mainGroup = 1BFD289E1B6F9D44004B8FFA;
			productRefGroup = 1BFD28A81B6F9D44004B8FFA /* Products */;
			projectDirPath = "";
			projectRoot = "";
			targets = (
				1BFD28A61B6F9D44004B8FFA /* MyContacts */,
				1BFD28C21B6F9D44004B8FFA /* MyContactsTests */,
			);
		};
/* End PBXProject section */

/* Begin PBXResourcesBuildPhase section */
		1BFD28A51B6F9D44004B8FFA /* Resources */ = {
			isa = PBXResourcesBuildPhase;
			buildActionMask = 2147483647;
			files = (
				1BFD28B91B6F9D44004B8FFA /* Main.storyboard in Resources */,
				1BFD28BE1B6F9D44004B8FFA /* LaunchScreen.xib in Resources */,
				1BFD28BB1B6F9D44004B8FFA /* Images.xcassets in Resources */,
			);
			runOnlyForDeploymentPostprocessing = 0;
		};
		1BFD28C11B6F9D44004B8FFA /* Resources */ = {
			isa = PBXResourcesBuildPhase;
			buildActionMask = 2147483647;
			files = (
			);
			runOnlyForDeploymentPostprocessing = 0;
		};
/* End PBXResourcesBuildPhase section */

/* Begin PBXSourcesBuildPhase section */
		1BFD28A31B6F9D44004B8FFA /* Sources */ = {
			isa = PBXSourcesBuildPhase;
			buildActionMask = 2147483647;
			files = (
				1BFD28B01B6F9D44004B8FFA /* AppDelegate.m in Sources */,
				1BFD28AD1B6F9D44004B8FFA /* main.m in Sources */,
				1BFD28B61B6F9D44004B8FFA /* ViewController.m in Sources */,
				1BFD28B31B6F9D44004B8FFA /* MyContacts.xcdatamodeld in Sources */,
			);
			runOnlyForDeploymentPostprocessing = 0;
		};
		1BFD28BF1B6F9D44004B8FFA /* Sources */ = {
			isa = PBXSourcesBuildPhase;
			buildActionMask = 2147483647;
			files = (
				1BFD28CA1B6F9D45004B8FFA /* MyContactsTests.m in Sources */,
			);
			runOnlyForDeploymentPostprocessing = 0;
		};
/* End PBXSourcesBuildPhase section */

/* Begin PBXTargetDependency section */
		1BFD28C51B6F9D44004B8FFA /* PBXTargetDependency */ = {
			isa = PBXTargetDependency;
			target = 1BFD28A61B6F9D44004B8FFA /* MyContacts */;
			targetProxy = 1BFD28C41B6F9D44004B8FFA /* PBXContainerItemProxy */;
		};
/* End PBXTargetDependency section */

/* Begin PBXVariantGroup section */
		1BFD28B71B6F9D44004B8FFA /* Main.storyboard */ = {
			isa = PBXVariantGroup;
			children = (
				1BFD28B81B6F9D44004B8FFA /* Base */,
			);
			name = Main.storyboard;
			sourceTree = "<group>";
		};
		1BFD28BC1B6F9D44004B8FFA /* LaunchScreen.xib */ = {
			isa = PBXVariantGroup;
			children = (
				1BFD28BD1B6F9D44004B8FFA /* Base */,
			);
			name = LaunchScreen.xib;
			sourceTree = "<group>";
		};
/* End PBXVariantGroup section */

/* Begin XCBuildConfiguration section */
		1BFD28CB1B6F9D45004B8FFA /* Debug */ = {
			isa = XCBuildConfiguration;
			buildSettings = {
				ALWAYS_SEARCH_USER_PATHS = NO;
				CLANG_CXX_LANGUAGE_STANDARD = "gnu++0x";
				CLANG_CXX_LIBRARY = "libc++";
				CLANG_ENABLE_MODULES = YES;
				CLANG_ENABLE_OBJC_ARC = YES;
				CLANG_WARN_BOOL_CONVERSION = YES;
				CLANG_WARN_CONSTANT_CONVERSION = YES;
				CLANG_WARN_DIRECT_OBJC_ISA_USAGE = YES_ERROR;
				CLANG_WARN_EMPTY_BODY = YES;
				CLANG_WARN_ENUM_CONVERSION = YES;
				CLANG_WARN_INT_CONVERSION = YES;
				CLANG_WARN_OBJC_ROOT_CLASS = YES_ERROR;
				CLANG_WARN_UNREACHABLE_CODE = YES;
				CLANG_WARN__DUPLICATE_METHOD_MATCH = YES;
				"CODE_SIGN_IDENTITY[sdk=iphoneos*]" = "iPhone Developer";
				COPY_PHASE_STRIP = NO;
				ENABLE_STRICT_OBJC_MSGSEND = YES;
				GCC_C_LANGUAGE_STANDARD = gnu99;
				GCC_DYNAMIC_NO_PIC = NO;
				GCC_OPTIMIZATION_LEVEL = 0;
				GCC_PREPROCESSOR_DEFINITIONS = (
					"DEBUG=1",
					"$(inherited)",
				);
				GCC_SYMBOLS_PRIVATE_EXTERN = NO;
				GCC_WARN_64_TO_32_BIT_CONVERSION = YES;
				GCC_WARN_ABOUT_RETURN_TYPE = YES_ERROR;
				GCC_WARN_UNDECLARED_SELECTOR = YES;
				GCC_WARN_UNINITIALIZED_AUTOS = YES_AGGRESSIVE;
				GCC_WARN_UNUSED_FUNCTION = YES;
				GCC_WARN_UNUSED_VARIABLE = YES;
				IPHONEOS_DEPLOYMENT_TARGET = 8.1;
				MTL_ENABLE_DEBUG_INFO = YES;
				ONLY_ACTIVE_ARCH = YES;
				SDKROOT = iphoneos;
			};
			name = Debug;
		};
		1BFD28CC1B6F9D45004B8FFA /* Release */ = {
			isa = XCBuildConfiguration;
			buildSettings = {
				ALWAYS_SEARCH_USER_PATHS = NO;
				CLANG_CXX_LANGUAGE_STANDARD = "gnu++0x";
				CLANG_CXX_LIBRARY = "libc++";
				CLANG_ENABLE_MODULES = YES;
				CLANG_ENABLE_OBJC_ARC = YES;
				CLANG_WARN_BOOL_CONVERSION = YES;
				CLANG_WARN_CONSTANT_CONVERSION = YES;
				CLANG_WARN_DIRECT_OBJC_ISA_USAGE = YES_ERROR;
				CLANG_WARN_EMPTY_BODY = YES;
				CLANG_WARN_ENUM_CONVERSION = YES;
				CLANG_WARN_INT_CONVERSION = YES;
				CLANG_WARN_OBJC_ROOT_CLASS = YES_ERROR;
				CLANG_WARN_UNREACHABLE_CODE = YES;
				CLANG_WARN__DUPLICATE_METHOD_MATCH = YES;
				"CODE_SIGN_IDENTITY[sdk=iphoneos*]" = "iPhone Developer";
				COPY_PHASE_STRIP = YES;
				ENABLE_NS_ASSERTIONS = NO;
				ENABLE_STRICT_OBJC_MSGSEND = YES;
				GCC_C_LANGUAGE_STANDARD = gnu99;
				GCC_WARN_64_TO_32_BIT_CONVERSION = YES;
				GCC_WARN_ABOUT_RETURN_TYPE = YES_ERROR;
				GCC_WARN_UNDECLARED_SELECTOR = YES;
				GCC_WARN_UNINITIALIZED_AUTOS = YES_AGGRESSIVE;
				GCC_WARN_UNUSED_FUNCTION = YES;
				GCC_WARN_UNUSED_VARIABLE = YES;
				IPHONEOS_DEPLOYMENT_TARGET = 8.1;
				MTL_ENABLE_DEBUG_INFO = NO;
				SDKROOT = iphoneos;
				VALIDATE_PRODUCT = YES;
			};
			name = Release;
		};
		1BFD28CE1B6F9D45004B8FFA /* Debug */ = {
			isa = XCBuildConfiguration;
			buildSettings = {
				ASSETCATALOG_COMPILER_APPICON_NAME = AppIcon;
				INFOPLIST_FILE = MyContacts/Info.plist;
				LD_RUNPATH_SEARCH_PATHS = "$(inherited) @executable_path/Frameworks";
				PRODUCT_NAME = "$(TARGET_NAME)";
			};
			name = Debug;
		};
		1BFD28CF1B6F9D45004B8FFA /* Release */ = {
			isa = XCBuildConfiguration;
			buildSettings = {
				ASSETCATALOG_COMPILER_APPICON_NAME = AppIcon;
				INFOPLIST_FILE = MyContacts/Info.plist;
				LD_RUNPATH_SEARCH_PATHS = "$(inherited) @executable_path/Frameworks";
				PRODUCT_NAME = "$(TARGET_NAME)";
			};
			name = Release;
		};
		1BFD28D11B6F9D45004B8FFA /* Debug */ = {
			isa = XCBuildConfiguration;
			buildSettings = {
				BUNDLE_LOADER = "$(TEST_HOST)";
				FRAMEWORK_SEARCH_PATHS = (
					"$(SDKROOT)/Developer/Library/Frameworks",
					"$(inherited)",
				);
				GCC_PREPROCESSOR_DEFINITIONS = (
					"DEBUG=1",
					"$(inherited)",
				);
				INFOPLIST_FILE = MyContactsTests/Info.plist;
				LD_RUNPATH_SEARCH_PATHS = "$(inherited) @executable_path/Frameworks @loader_path/Frameworks";
				PRODUCT_NAME = "$(TARGET_NAME)";
				TEST_HOST = "$(BUILT_PRODUCTS_DIR)/MyContacts.app/MyContacts";
			};
			name = Debug;
		};
		1BFD28D21B6F9D45004B8FFA /* Release */ = {
			isa = XCBuildConfiguration;
			buildSettings = {
				BUNDLE_LOADER = "$(TEST_HOST)";
				FRAMEWORK_SEARCH_PATHS = (
					"$(SDKROOT)/Developer/Library/Frameworks",
					"$(inherited)",
				);
				INFOPLIST_FILE = MyContactsTests/Info.plist;
				LD_RUNPATH_SEARCH_PATHS = "$(inherited) @executable_path/Frameworks @loader_path/Frameworks";
				PRODUCT_NAME = "$(TARGET_NAME)";
				TEST_HOST = "$(BUILT_PRODUCTS_DIR)/MyContacts.app/MyContacts";
			};
			name = Release;
		};
/* End XCBuildConfiguration section */

/* Begin XCConfigurationList section */
		1BFD28A21B6F9D44004B8FFA /* Build configuration list for PBXProject "MyContacts" */ = {
			isa = XCConfigurationList;
			buildConfigurations = (
				1BFD28CB1B6F9D45004B8FFA /* Debug */,
				1BFD28CC1B6F9D45004B8FFA /* Release */,
			);
			defaultConfigurationIsVisible = 0;
			defaultConfigurationName = Release;
		};
		1BFD28CD1B6F9D45004B8FFA /* Build configuration list for PBXNativeTarget "MyContacts" */ = {
			isa = XCConfigurationList;
			buildConfigurations = (
				1BFD28CE1B6F9D45004B8FFA /* Debug */,
				1BFD28CF1B6F9D45004B8FFA /* Release */,
			);
			defaultConfigurationIsVisible = 0;
		};
		1BFD28D01B6F9D45004B8FFA /* Build configuration list for PBXNativeTarget "MyContactsTests" */ = {
			isa = XCConfigurationList;
			buildConfigurations = (
				1BFD28D11B6F9D45004B8FFA /* Debug */,
				1BFD28D21B6F9D45004B8FFA /* Release */,
			);
			defaultConfigurationIsVisible = 0;
		};
/* End XCConfigurationList section */

/* Begin XCVersionGroup section */
		1BFD28B11B6F9D44004B8FFA /* MyContacts.xcdatamodeld */ = {
			isa = XCVersionGroup;
			children = (
				1BFD28B21B6F9D44004B8FFA /* MyContacts.xcdatamodel */,
			);
			currentVersion = 1BFD28B21B6F9D44004B8FFA /* MyContacts.xcdatamodel */;
			path = MyContacts.xcdatamodeld;
			sourceTree = "<group>";
			versionGroupType = wrapper.xcdatamodel;
		};
/* End XCVersionGroup section */
	};
	rootObject = 1BFD289F1B6F9D44004B8FFA /* Project object */;
}
